<?xml version="1.0" encoding="utf-8"?>
<Project ToolsVersion="4.0" xmlns="http://schemas.microsoft.com/developer/msbuild/2003">
  <ItemGroup>
    <Filter Include="Astro">
      <UniqueIdentifier>{0E45D80C-7A59-00BE-43DB-A31DAFAEFCEE}</UniqueIdentifier>
    </Filter>
  </ItemGroup>
  <ItemGroup>
    <ClInclude Include="src\Astro.h" />
    <ClInclude Include="src\Astro\Application.h">
      <Filter>Astro</Filter>
    </ClInclude>
    <ClInclude Include="src\Astro\Core.h">
      <Filter>Astro</Filter>
    </ClInclude>
    <ClInclude Include="src\Astro\EntryPoint.h">
      <Filter>Astro</Filter>
    </ClInclude>
    <ClInclude Include="src\Astro\Log.h">
      <Filter>Astro</Filter>
    </ClInclude>
    <ClInclude Include="src\Astro\Events\ApplicationEvent.h" />
    <ClInclude Include="src\Astro\Events\Event.h" />
    <ClInclude Include="src\Astro\Events\KeyEvent.h" />
    <ClInclude Include="src\Astro\Events\MouseEvent.h" />
  </ItemGroup>
  <ItemGroup>
    <ClCompile Include="src\Astro\Application.cpp">
      <Filter>Astro</Filter>
    </ClCompile>
    <ClCompile Include="src\Astro\Log.cpp">
      <Filter>Astro</Filter>
    </ClCompile>
  </ItemGroup>
</Project>